
Microsoft Visual Studio Solution File, Format Version 12.00
# Visual Studio Version 17
VisualStudioVersion = 17.0.31903.59
MinimumVisualStudioVersion = 10.0.40219.1
Project("{FAE04EC0-301F-11D3-BF4B-00C04F79EFBC}") = "1_SRP", "1_SRP\1_SRP.csproj", "{4B322573-8369-7D9C-2FBA-8778E9B8AAD5}"
EndProject
Project("{FAE04EC0-301F-11D3-BF4B-00C04F79EFBC}") = "2_OCP", "2_OCP\2_OCP.csproj", "{92FE520D-33A4-FE6B-2E2C-B7DEB1190BA0}"
EndProject
Project("{FAE04EC0-301F-11D3-BF4B-00C04F79EFBC}") = "3_LSP", "3_LSP\3_LSP.csproj", "{3B8F38E1-CE63-A833-C451-47BA000D8495}"
EndProject
Project("{FAE04EC0-301F-11D3-BF4B-00C04F79EFBC}") = "4_ISP", "4_ISP\4_ISP.csproj", "{852E3627-4116-7AAC-40FB-0A75B6817DD2}"
EndProject
Project("{FAE04EC0-301F-11D3-BF4B-00C04F79EFBC}") = "5_DIP", "5_DIP\5_DIP.csproj", "{48E4E103-0390-CD9E-8958-62A4717C097D}"
EndProject
Global
	GlobalSection(SolutionConfigurationPlatforms) = preSolution
		Debug|Any CPU = Debug|Any CPU
		Release|Any CPU = Release|Any CPU
	EndGlobalSection
	GlobalSection(ProjectConfigurationPlatforms) = postSolution
		{4B322573-8369-7D9C-2FBA-8778E9B8AAD5}.Debug|Any CPU.ActiveCfg = Debug|Any CPU
		{4B322573-8369-7D9C-2FBA-8778E9B8AAD5}.Debug|Any CPU.Build.0 = Debug|Any CPU
		{4B322573-8369-7D9C-2FBA-8778E9B8AAD5}.Release|Any CPU.ActiveCfg = Release|Any CPU
		{4B322573-8369-7D9C-2FBA-8778E9B8AAD5}.Release|Any CPU.Build.0 = Release|Any CPU
		{92FE520D-33A4-FE6B-2E2C-B7DEB1190BA0}.Debug|Any CPU.ActiveCfg = Debug|Any CPU
		{92FE520D-33A4-FE6B-2E2C-B7DEB1190BA0}.Debug|Any CPU.Build.0 = Debug|Any CPU
		{92FE520D-33A4-FE6B-2E2C-B7DEB1190BA0}.Release|Any CPU.ActiveCfg = Release|Any CPU
		{92FE520D-33A4-FE6B-2E2C-B7DEB1190BA0}.Release|Any CPU.Build.0 = Release|Any CPU
		{3B8F38E1-CE63-A833-C451-47BA000D8495}.Debug|Any CPU.ActiveCfg = Debug|Any CPU
		{3B8F38E1-CE63-A833-C451-47BA000D8495}.Debug|Any CPU.Build.0 = Debug|Any CPU
		{3B8F38E1-CE63-A833-C451-47BA000D8495}.Release|Any CPU.ActiveCfg = Release|Any CPU
		{3B8F38E1-CE63-A833-C451-47BA000D8495}.Release|Any CPU.Build.0 = Release|Any CPU
		{852E3627-4116-7AAC-40FB-0A75B6817DD2}.Debug|Any CPU.ActiveCfg = Debug|Any CPU
		{852E3627-4116-7AAC-40FB-0A75B6817DD2}.Debug|Any CPU.Build.0 = Debug|Any CPU
		{852E3627-4116-7AAC-40FB-0A75B6817DD2}.Release|Any CPU.ActiveCfg = Release|Any CPU
		{852E3627-4116-7AAC-40FB-0A75B6817DD2}.Release|Any CPU.Build.0 = Release|Any CPU
		{48E4E103-0390-CD9E-8958-62A4717C097D}.Debug|Any CPU.ActiveCfg = Debug|Any CPU
		{48E4E103-0390-CD9E-8958-62A4717C097D}.Debug|Any CPU.Build.0 = Debug|Any CPU
		{48E4E103-0390-CD9E-8958-62A4717C097D}.Release|Any CPU.ActiveCfg = Release|Any CPU
		{48E4E103-0390-CD9E-8958-62A4717C097D}.Release|Any CPU.Build.0 = Release|Any CPU
	EndGlobalSection
	GlobalSection(SolutionProperties) = preSolution
		HideSolutionNode = FALSE
	EndGlobalSection
EndGlobal
